{
  "version": 4,
  "terraform_version": "1.2.7",
  "serial": 32,
  "lineage": "a183e12a-8396-f3bc-0dd9-bf6fe9281ef2",
  "outputs": {},
  "resources": [
    {
      "mode": "managed",
      "type": "aws_organizations_organization",
      "name": "name",
      "provider": "provider[\"registry.terraform.io/hashicorp/aws\"]",
      "instances": [
        {
          "schema_version": 0,
          "attributes": {
            "accounts": [
              {
                "arn": "arn:aws:organizations::886463262479:account/o-9crrg35ojo/886463262479",
                "email": "tom.schmidt@stackguardian.io",
                "id": "886463262479",
                "name": "stackguardian_tom_test",
                "status": "ACTIVE"
              },
              {
                "arn": "arn:aws:organizations::886463262479:account/o-9crrg35ojo/452551932315",
                "email": "Audit@test.de",
                "id": "452551932315",
                "name": "Audit",
                "status": "SUSPENDED"
              },
              {
                "arn": "arn:aws:organizations::886463262479:account/o-9crrg35ojo/464570393886",
                "email": "billing@test.de",
                "id": "464570393886",
                "name": "Billing",
                "status": "SUSPENDED"
              },
              {
                "arn": "arn:aws:organizations::886463262479:account/o-9crrg35ojo/336664185385",
                "email": "csirt@test.de",
                "id": "336664185385",
                "name": "CSIRT",
                "status": "ACTIVE"
              }
            ],
            "arn": "arn:aws:organizations::886463262479:organization/o-9crrg35ojo",
            "aws_service_access_principals": [],
            "enabled_policy_types": [],
            "feature_set": "ALL",
            "id": "o-9crrg35ojo",
            "master_account_arn": "arn:aws:organizations::886463262479:account/o-9crrg35ojo/886463262479",
            "master_account_email": "tom.schmidt@stackguardian.io",
            "master_account_id": "886463262479",
            "non_master_accounts": [
              {
                "arn": "arn:aws:organizations::886463262479:account/o-9crrg35ojo/452551932315",
                "email": "Audit@test.de",
                "id": "452551932315",
                "name": "Audit",
                "status": "SUSPENDED"
              },
              {
                "arn": "arn:aws:organizations::886463262479:account/o-9crrg35ojo/464570393886",
                "email": "billing@test.de",
                "id": "464570393886",
                "name": "Billing",
                "status": "SUSPENDED"
              },
              {
                "arn": "arn:aws:organizations::886463262479:account/o-9crrg35ojo/336664185385",
                "email": "csirt@test.de",
                "id": "336664185385",
                "name": "CSIRT",
                "status": "ACTIVE"
              }
            ],
            "roots": [
              {
                "arn": "arn:aws:organizations::886463262479:root/o-9crrg35ojo/r-afcm",
                "id": "r-afcm",
                "name": "Root",
                "policy_types": []
              }
            ]
          },
          "sensitive_attributes": [],
          "private": "bnVsbA=="
        }
      ]
    },
    {
      "module": "module.blah[0]",
      "mode": "managed",
      "type": "aws_organizations_account",
      "name": "organizational_units_accounts",
      "provider": "provider[\"registry.terraform.io/hashicorp/aws\"]",
      "instances": [
        {
          "index_key": 0,
          "schema_version": 0,
          "attributes": {
            "arn": "arn:aws:organizations::886463262479:account/o-9crrg35ojo/005164584847",
            "close_on_deletion": false,
            "create_govcloud": false,
            "email": "billing2@test.de",
            "govcloud_id": "",
            "iam_user_access_to_billing": null,
            "id": "005164584847",
            "joined_method": "CREATED",
            "joined_timestamp": "2022-09-05T16:54:44Z",
            "name": "Billing",
            "parent_id": "ou-afcm-ysu6ksqm",
            "role_name": null,
            "status": "ACTIVE",
            "tags": null,
            "tags_all": {}
          },
          "sensitive_attributes": [],
          "private": "bnVsbA==",
          "dependencies": [
            "module.blah.aws_organizations_organizational_unit.this"
          ]
        },
        {
          "index_key": 1,
          "schema_version": 0,
          "attributes": {
            "arn": "arn:aws:organizations::886463262479:account/o-9crrg35ojo/553827194303",
            "close_on_deletion": false,
            "create_govcloud": false,
            "email": "Audit2@test.de",
            "govcloud_id": "",
            "iam_user_access_to_billing": null,
            "id": "553827194303",
            "joined_method": "CREATED",
            "joined_timestamp": "2022-09-05T16:54:43Z",
            "name": "Audit",
            "parent_id": "ou-afcm-ysu6ksqm",
            "role_name": null,
            "status": "ACTIVE",
            "tags": null,
            "tags_all": {}
          },
          "sensitive_attributes": [],
          "private": "bnVsbA==",
          "dependencies": [
            "module.blah.aws_organizations_organizational_unit.this"
          ]
        }
      ]
    },
    {
      "module": "module.blah[0]",
      "mode": "managed",
      "type": "aws_organizations_organizational_unit",
      "name": "this",
      "provider": "provider[\"registry.terraform.io/hashicorp/aws\"]",
      "instances": [
        {
          "schema_version": 0,
          "attributes": {
            "accounts": [
              {
                "arn": "arn:aws:organizations::886463262479:account/o-9crrg35ojo/464570393886",
                "email": "billing@test.de",
                "id": "464570393886",
                "name": "Billing"
              },
              {
                "arn": "arn:aws:organizations::886463262479:account/o-9crrg35ojo/452551932315",
                "email": "Audit@test.de",
                "id": "452551932315",
                "name": "Audit"
              }
            ],
            "arn": "arn:aws:organizations::886463262479:ou/o-9crrg35ojo/ou-afcm-ysu6ksqm",
            "id": "ou-afcm-ysu6ksqm",
            "name": "Management",
            "parent_id": "r-afcm",
            "tags": {},
            "tags_all": {}
          },
          "sensitive_attributes": [],
          "private": "bnVsbA==",
          "dependencies": [
            "aws_organizations_organization.name"
          ]
        }
      ]
    },
    {
      "module": "module.blah[1]",
      "mode": "managed",
      "type": "aws_organizations_account",
      "name": "organizational_units_accounts",
      "provider": "provider[\"registry.terraform.io/hashicorp/aws\"]",
      "instances": [
        {
          "index_key": 0,
          "schema_version": 0,
          "attributes": {
            "arn": "arn:aws:organizations::886463262479:account/o-9crrg35ojo/336664185385",
            "close_on_deletion": false,
            "create_govcloud": false,
            "email": "csirt@test.de",
            "govcloud_id": "",
            "iam_user_access_to_billing": null,
            "id": "336664185385",
            "joined_method": "CREATED",
            "joined_timestamp": "2022-09-05T15:31:08Z",
            "name": "CSIRT",
            "parent_id": "ou-afcm-94tst692",
            "role_name": null,
            "status": "ACTIVE",
            "tags": {},
            "tags_all": {}
          },
          "sensitive_attributes": [],
          "private": "bnVsbA==",
          "dependencies": [
            "aws_organizations_organization.name",
            "module.blah.aws_organizations_organizational_unit.this"
          ]
        }
      ]
    },
    {
      "module": "module.blah[1]",
      "mode": "managed",
      "type": "aws_organizations_organizational_unit",
      "name": "this",
      "provider": "provider[\"registry.terraform.io/hashicorp/aws\"]",
      "instances": [
        {
          "schema_version": 0,
          "attributes": {
            "accounts": [
              {
                "arn": "arn:aws:organizations::886463262479:account/o-9crrg35ojo/336664185385",
                "email": "csirt@test.de",
                "id": "336664185385",
                "name": "CSIRT"
              }
            ],
            "arn": "arn:aws:organizations::886463262479:ou/o-9crrg35ojo/ou-afcm-94tst692",
            "id": "ou-afcm-94tst692",
            "name": "Security",
            "parent_id": "r-afcm",
            "tags": {},
            "tags_all": {}
          },
          "sensitive_attributes": [],
          "private": "bnVsbA==",
          "dependencies": [
            "aws_organizations_organization.name"
          ]
        }
      ]
    }
  ]
}
